
Microsoft Visual Studio Solution File, Format Version 12.00
# Visual Studio Version 17
VisualStudioVersion = 17.14.36414.22
MinimumVisualStudioVersion = 10.0.40219.1
Project("{FAE04EC0-301F-11D3-BF4B-00C04F79EFBC}") = "WeatherSubscriptionService", "WeatherSubscriptionService\WeatherSubscriptionService.csproj", "{87A85103-62A5-4A06-9A8F-3026A1A49AFB}"
EndProject
Project("{FAE04EC0-301F-11D3-BF4B-00C04F79EFBC}") = "WeatherSubscriptionService.Tests", "WeatherSubscriptionService.Tests\WeatherSubscriptionService.Tests.csproj", "{9AF8F9F9-CFE3-4F52-AFA2-3AC33D604C45}"
EndProject
Global
	GlobalSection(SolutionConfigurationPlatforms) = preSolution
		Debug|Any CPU = Debug|Any CPU
		Release|Any CPU = Release|Any CPU
	EndGlobalSection
	GlobalSection(ProjectConfigurationPlatforms) = postSolution
		{87A85103-62A5-4A06-9A8F-3026A1A49AFB}.Debug|Any CPU.ActiveCfg = Debug|Any CPU
		{87A85103-62A5-4A06-9A8F-3026A1A49AFB}.Debug|Any CPU.Build.0 = Debug|Any CPU
		{87A85103-62A5-4A06-9A8F-3026A1A49AFB}.Release|Any CPU.ActiveCfg = Release|Any CPU
		{87A85103-62A5-4A06-9A8F-3026A1A49AFB}.Release|Any CPU.Build.0 = Release|Any CPU
		{9AF8F9F9-CFE3-4F52-AFA2-3AC33D604C45}.Debug|Any CPU.ActiveCfg = Debug|Any CPU
		{9AF8F9F9-CFE3-4F52-AFA2-3AC33D604C45}.Debug|Any CPU.Build.0 = Debug|Any CPU
		{9AF8F9F9-CFE3-4F52-AFA2-3AC33D604C45}.Release|Any CPU.ActiveCfg = Release|Any CPU
		{9AF8F9F9-CFE3-4F52-AFA2-3AC33D604C45}.Release|Any CPU.Build.0 = Release|Any CPU
	EndGlobalSection
	GlobalSection(SolutionProperties) = preSolution
		HideSolutionNode = FALSE
	EndGlobalSection
	GlobalSection(ExtensibilityGlobals) = postSolution
		SolutionGuid = {3E6B4B90-F7AB-4FBC-BB90-6E102390A335}
	EndGlobalSection
EndGlobal
